
Microsoft Visual Studio Solution File, Format Version 12.00
# Visual Studio Version 16
VisualStudioVersion = 16.0.31129.286
MinimumVisualStudioVersion = 10.0.40219.1
Project("{FAE04EC0-301F-11D3-BF4B-00C04F79EFBC}") = "WindowsFormsApp4", "WindowsFormsApp4.csproj", "{E57B7080-974C-4848-956C-5C656D1C642A}"
EndProject
Project("{FAE04EC0-301F-11D3-BF4B-00C04F79EFBC}") = "WindowsFormsApp4Tests", "..\WindowsFormsApp4Tests\WindowsFormsApp4Tests.csproj", "{F765AD5C-5AB1-411F-8035-E0C1F44AFDBF}"
EndProject
Global
	GlobalSection(SolutionConfigurationPlatforms) = preSolution
		Debug|Any CPU = Debug|Any CPU
		Release|Any CPU = Release|Any CPU
	EndGlobalSection
	GlobalSection(ProjectConfigurationPlatforms) = postSolution
		{E57B7080-974C-4848-956C-5C656D1C642A}.Debug|Any CPU.ActiveCfg = Debug|Any CPU
		{E57B7080-974C-4848-956C-5C656D1C642A}.Debug|Any CPU.Build.0 = Debug|Any CPU
		{E57B7080-974C-4848-956C-5C656D1C642A}.Release|Any CPU.ActiveCfg = Release|Any CPU
		{E57B7080-974C-4848-956C-5C656D1C642A}.Release|Any CPU.Build.0 = Release|Any CPU
		{F765AD5C-5AB1-411F-8035-E0C1F44AFDBF}.Debug|Any CPU.ActiveCfg = Debug|Any CPU
		{F765AD5C-5AB1-411F-8035-E0C1F44AFDBF}.Debug|Any CPU.Build.0 = Debug|Any CPU
		{F765AD5C-5AB1-411F-8035-E0C1F44AFDBF}.Release|Any CPU.ActiveCfg = Release|Any CPU
		{F765AD5C-5AB1-411F-8035-E0C1F44AFDBF}.Release|Any CPU.Build.0 = Release|Any CPU
	EndGlobalSection
	GlobalSection(SolutionProperties) = preSolution
		HideSolutionNode = FALSE
	EndGlobalSection
	GlobalSection(ExtensibilityGlobals) = postSolution
		SolutionGuid = {BC09D5A1-B093-41C0-88EC-EAB539EDBAE8}
	EndGlobalSection
EndGlobal
